
Microsoft Visual Studio Solution File, Format Version 12.00
# Visual Studio Version 17
VisualStudioVersion = 17.4.33213.308
MinimumVisualStudioVersion = 10.0.40219.1
Project("{FAE04EC0-301F-11D3-BF4B-00C04F79EFBC}") = "StrongPasswordGenerator", "StrongPasswordGenerator.csproj", "{DAA4D5AE-0039-46F5-9467-C3477A9A4C14}"
EndProject
Global
	GlobalSection(SolutionConfigurationPlatforms) = preSolution
		Debug|Any CPU = Debug|Any CPU
		Release|Any CPU = Release|Any CPU
	EndGlobalSection
	GlobalSection(ProjectConfigurationPlatforms) = postSolution
		{DAA4D5AE-0039-46F5-9467-C3477A9A4C14}.Debug|Any CPU.ActiveCfg = Debug|Any CPU
		{DAA4D5AE-0039-46F5-9467-C3477A9A4C14}.Debug|Any CPU.Build.0 = Debug|Any CPU
		{DAA4D5AE-0039-46F5-9467-C3477A9A4C14}.Release|Any CPU.ActiveCfg = Release|Any CPU
		{DAA4D5AE-0039-46F5-9467-C3477A9A4C14}.Release|Any CPU.Build.0 = Release|Any CPU
	EndGlobalSection
	GlobalSection(SolutionProperties) = preSolution
		HideSolutionNode = FALSE
	EndGlobalSection
	GlobalSection(ExtensibilityGlobals) = postSolution
		SolutionGuid = {6792AE0E-5CD2-4EC0-9421-95E597C4AD99}
	EndGlobalSection
EndGlobal
